// !$*UTF8*$!
{
	archiveVersion = 1;
	classes = {
	};
	objectVersion = 56;
	objects = {

/* Begin PBXBuildFile section */
		286E50192A1CA58100EA6B75 /* AppDelegate.swift in Sources */ = {isa = PBXBuildFile; fileRef = 286E50182A1CA58100EA6B75 /* AppDelegate.swift */; };
		286E501B2A1CA58100EA6B75 /* SceneDelegate.swift in Sources */ = {isa = PBXBuildFile; fileRef = 286E501A2A1CA58100EA6B75 /* SceneDelegate.swift */; };
		286E501D2A1CA58100EA6B75 /* ViewController.swift in Sources */ = {isa = PBXBuildFile; fileRef = 286E501C2A1CA58100EA6B75 /* ViewController.swift */; };
		286E50202A1CA58100EA6B75 /* Main.storyboard in Resources */ = {isa = PBXBuildFile; fileRef = 286E501E2A1CA58100EA6B75 /* Main.storyboard */; };
		286E50232A1CA58100EA6B75 /* DaumSearch.xcdatamodeld in Sources */ = {isa = PBXBuildFile; fileRef = 286E50212A1CA58100EA6B75 /* DaumSearch.xcdatamodeld */; };
		286E50252A1CA58300EA6B75 /* Assets.xcassets in Resources */ = {isa = PBXBuildFile; fileRef = 286E50242A1CA58300EA6B75 /* Assets.xcassets */; };
		286E50282A1CA58300EA6B75 /* LaunchScreen.storyboard in Resources */ = {isa = PBXBuildFile; fileRef = 286E50262A1CA58300EA6B75 /* LaunchScreen.storyboard */; };
		286E50332A1CA58300EA6B75 /* DaumSearchTests.swift in Sources */ = {isa = PBXBuildFile; fileRef = 286E50322A1CA58300EA6B75 /* DaumSearchTests.swift */; };
		286E503D2A1CA58300EA6B75 /* DaumSearchUITests.swift in Sources */ = {isa = PBXBuildFile; fileRef = 286E503C2A1CA58300EA6B75 /* DaumSearchUITests.swift */; };
		286E503F2A1CA58300EA6B75 /* DaumSearchUITestsLaunchTests.swift in Sources */ = {isa = PBXBuildFile; fileRef = 286E503E2A1CA58300EA6B75 /* DaumSearchUITestsLaunchTests.swift */; };
/* End PBXBuildFile section */

/* Begin PBXContainerItemProxy section */
		286E502F2A1CA58300EA6B75 /* PBXContainerItemProxy */ = {
			isa = PBXContainerItemProxy;
			containerPortal = 286E500D2A1CA58100EA6B75 /* Project object */;
			proxyType = 1;
			remoteGlobalIDString = 286E50142A1CA58100EA6B75;
			remoteInfo = DaumSearch;
		};
		286E50392A1CA58300EA6B75 /* PBXContainerItemProxy */ = {
			isa = PBXContainerItemProxy;
			containerPortal = 286E500D2A1CA58100EA6B75 /* Project object */;
			proxyType = 1;
			remoteGlobalIDString = 286E50142A1CA58100EA6B75;
			remoteInfo = DaumSearch;
		};
/* End PBXContainerItemProxy section */

/* Begin PBXFileReference section */
		286E50152A1CA58100EA6B75 /* DaumSearch.app */ = {isa = PBXFileReference; explicitFileType = wrapper.application; includeInIndex = 0; path = DaumSearch.app; sourceTree = BUILT_PRODUCTS_DIR; };
		286E50182A1CA58100EA6B75 /* AppDelegate.swift */ = {isa = PBXFileReference; lastKnownFileType = sourcecode.swift; path = AppDelegate.swift; sourceTree = "<group>"; };
		286E501A2A1CA58100EA6B75 /* SceneDelegate.swift */ = {isa = PBXFileReference; lastKnownFileType = sourcecode.swift; path = SceneDelegate.swift; sourceTree = "<group>"; };
		286E501C2A1CA58100EA6B75 /* ViewController.swift */ = {isa = PBXFileReference; lastKnownFileType = sourcecode.swift; path = ViewController.swift; sourceTree = "<group>"; };
		286E501F2A1CA58100EA6B75 /* Base */ = {isa = PBXFileReference; lastKnownFileType = file.storyboard; name = Base; path = Base.lproj/Main.storyboard; sourceTree = "<group>"; };
		286E50222A1CA58100EA6B75 /* DaumSearch.xcdatamodel */ = {isa = PBXFileReference; lastKnownFileType = wrapper.xcdatamodel; path = DaumSearch.xcdatamodel; sourceTree = "<group>"; };
		286E50242A1CA58300EA6B75 /* Assets.xcassets */ = {isa = PBXFileReference; lastKnownFileType = folder.assetcatalog; path = Assets.xcassets; sourceTree = "<group>"; };
		286E50272A1CA58300EA6B75 /* Base */ = {isa = PBXFileReference; lastKnownFileType = file.storyboard; name = Base; path = Base.lproj/LaunchScreen.storyboard; sourceTree = "<group>"; };
		286E50292A1CA58300EA6B75 /* Info.plist */ = {isa = PBXFileReference; lastKnownFileType = text.plist.xml; path = Info.plist; sourceTree = "<group>"; };
		286E502E2A1CA58300EA6B75 /* DaumSearchTests.xctest */ = {isa = PBXFileReference; explicitFileType = wrapper.cfbundle; includeInIndex = 0; path = DaumSearchTests.xctest; sourceTree = BUILT_PRODUCTS_DIR; };
		286E50322A1CA58300EA6B75 /* DaumSearchTests.swift */ = {isa = PBXFileReference; lastKnownFileType = sourcecode.swift; path = DaumSearchTests.swift; sourceTree = "<group>"; };
		286E50382A1CA58300EA6B75 /* DaumSearchUITests.xctest */ = {isa = PBXFileReference; explicitFileType = wrapper.cfbundle; includeInIndex = 0; path = DaumSearchUITests.xctest; sourceTree = BUILT_PRODUCTS_DIR; };
		286E503C2A1CA58300EA6B75 /* DaumSearchUITests.swift */ = {isa = PBXFileReference; lastKnownFileType = sourcecode.swift; path = DaumSearchUITests.swift; sourceTree = "<group>"; };
		286E503E2A1CA58300EA6B75 /* DaumSearchUITestsLaunchTests.swift */ = {isa = PBXFileReference; lastKnownFileType = sourcecode.swift; path = DaumSearchUITestsLaunchTests.swift; sourceTree = "<group>"; };
		286E504C2A1CE8C200EA6B75 /* MyPakage */ = {isa = PBXFileReference; lastKnownFileType = wrapper; name = MyPakage; path = ../MyPakage; sourceTree = "<group>"; };
/* End PBXFileReference section */

/* Begin PBXFrameworksBuildPhase section */
		286E50122A1CA58100EA6B75 /* Frameworks */ = {
			isa = PBXFrameworksBuildPhase;
			buildActionMask = 2147483647;
			files = (
			);
			runOnlyForDeploymentPostprocessing = 0;
		};
		286E502B2A1CA58300EA6B75 /* Frameworks */ = {
			isa = PBXFrameworksBuildPhase;
			buildActionMask = 2147483647;
			files = (
			);
			runOnlyForDeploymentPostprocessing = 0;
		};
		286E50352A1CA58300EA6B75 /* Frameworks */ = {
			isa = PBXFrameworksBuildPhase;
			buildActionMask = 2147483647;
			files = (
			);
			runOnlyForDeploymentPostprocessing = 0;
		};
/* End PBXFrameworksBuildPhase section */

/* Begin PBXGroup section */
		286E500C2A1CA58100EA6B75 = {
			isa = PBXGroup;
			children = (
				286E504C2A1CE8C200EA6B75 /* MyPakage */,
				286E50172A1CA58100EA6B75 /* DaumSearch */,
				286E50312A1CA58300EA6B75 /* DaumSearchTests */,
				286E503B2A1CA58300EA6B75 /* DaumSearchUITests */,
				286E50162A1CA58100EA6B75 /* Products */,
			);
			sourceTree = "<group>";
		};
		286E50162A1CA58100EA6B75 /* Products */ = {
			isa = PBXGroup;
			children = (
				286E50152A1CA58100EA6B75 /* DaumSearch.app */,
				286E502E2A1CA58300EA6B75 /* DaumSearchTests.xctest */,
				286E50382A1CA58300EA6B75 /* DaumSearchUITests.xctest */,
			);
			name = Products;
			sourceTree = "<group>";
		};
		286E50172A1CA58100EA6B75 /* DaumSearch */ = {
			isa = PBXGroup;
			children = (
				286E50182A1CA58100EA6B75 /* AppDelegate.swift */,
				286E501A2A1CA58100EA6B75 /* SceneDelegate.swift */,
				286E501C2A1CA58100EA6B75 /* ViewController.swift */,
				286E501E2A1CA58100EA6B75 /* Main.storyboard */,
				286E50242A1CA58300EA6B75 /* Assets.xcassets */,
				286E50262A1CA58300EA6B75 /* LaunchScreen.storyboard */,
				286E50292A1CA58300EA6B75 /* Info.plist */,
				286E50212A1CA58100EA6B75 /* DaumSearch.xcdatamodeld */,
			);
			path = DaumSearch;
			sourceTree = "<group>";
		};
		286E50312A1CA58300EA6B75 /* DaumSearchTests */ = {
			isa = PBXGroup;
			children = (
				286E50322A1CA58300EA6B75 /* DaumSearchTests.swift */,
			);
			path = DaumSearchTests;
			sourceTree = "<group>";
		};
		286E503B2A1CA58300EA6B75 /* DaumSearchUITests */ = {
			isa = PBXGroup;
			children = (
				286E503C2A1CA58300EA6B75 /* DaumSearchUITests.swift */,
				286E503E2A1CA58300EA6B75 /* DaumSearchUITestsLaunchTests.swift */,
			);
			path = DaumSearchUITests;
			sourceTree = "<group>";
		};
/* End PBXGroup section */

/* Begin PBXNativeTarget section */
		286E50142A1CA58100EA6B75 /* DaumSearch */ = {
			isa = PBXNativeTarget;
			buildConfigurationList = 286E50422A1CA58300EA6B75 /* Build configuration list for PBXNativeTarget "DaumSearch" */;
			buildPhases = (
				286E50112A1CA58100EA6B75 /* Sources */,
				286E50122A1CA58100EA6B75 /* Frameworks */,
				286E50132A1CA58100EA6B75 /* Resources */,
			);
			buildRules = (
			);
			dependencies = (
			);
			name = DaumSearch;
			productName = DaumSearch;
			productReference = 286E50152A1CA58100EA6B75 /* DaumSearch.app */;
			productType = "com.apple.product-type.application";
		};
		286E502D2A1CA58300EA6B75 /* DaumSearchTests */ = {
			isa = PBXNativeTarget;
			buildConfigurationList = 286E50452A1CA58300EA6B75 /* Build configuration list for PBXNativeTarget "DaumSearchTests" */;
			buildPhases = (
				286E502A2A1CA58300EA6B75 /* Sources */,
				286E502B2A1CA58300EA6B75 /* Frameworks */,
				286E502C2A1CA58300EA6B75 /* Resources */,
			);
			buildRules = (
			);
			dependencies = (
				286E50302A1CA58300EA6B75 /* PBXTargetDependency */,
			);
			name = DaumSearchTests;
			productName = DaumSearchTests;
			productReference = 286E502E2A1CA58300EA6B75 /* DaumSearchTests.xctest */;
			productType = "com.apple.product-type.bundle.unit-test";
		};
		286E50372A1CA58300EA6B75 /* DaumSearchUITests */ = {
			isa = PBXNativeTarget;
			buildConfigurationList = 286E50482A1CA58300EA6B75 /* Build configuration list for PBXNativeTarget "DaumSearchUITests" */;
			buildPhases = (
				286E50342A1CA58300EA6B75 /* Sources */,
				286E50352A1CA58300EA6B75 /* Frameworks */,
				286E50362A1CA58300EA6B75 /* Resources */,
			);
			buildRules = (
			);
			dependencies = (
				286E503A2A1CA58300EA6B75 /* PBXTargetDependency */,
			);
			name = DaumSearchUITests;
			productName = DaumSearchUITests;
			productReference = 286E50382A1CA58300EA6B75 /* DaumSearchUITests.xctest */;
			productType = "com.apple.product-type.bundle.ui-testing";
		};
/* End PBXNativeTarget section */

/* Begin PBXProject section */
		286E500D2A1CA58100EA6B75 /* Project object */ = {
			isa = PBXProject;
			attributes = {
				BuildIndependentTargetsInParallel = 1;
				LastSwiftUpdateCheck = 1430;
				LastUpgradeCheck = 1430;
				TargetAttributes = {
					286E50142A1CA58100EA6B75 = {
						CreatedOnToolsVersion = 14.3;
					};
					286E502D2A1CA58300EA6B75 = {
						CreatedOnToolsVersion = 14.3;
						TestTargetID = 286E50142A1CA58100EA6B75;
					};
					286E50372A1CA58300EA6B75 = {
						CreatedOnToolsVersion = 14.3;
						TestTargetID = 286E50142A1CA58100EA6B75;
					};
				};
			};
			buildConfigurationList = 286E50102A1CA58100EA6B75 /* Build configuration list for PBXProject "DaumSearch" */;
			compatibilityVersion = "Xcode 14.0";
			developmentRegion = en;
			hasScannedForEncodings = 0;
			knownRegions = (
				en,
				Base,
			);
			mainGroup = 286E500C2A1CA58100EA6B75;
			productRefGroup = 286E50162A1CA58100EA6B75 /* Products */;
			projectDirPath = "";
			projectRoot = "";
			targets = (
				286E50142A1CA58100EA6B75 /* DaumSearch */,
				286E502D2A1CA58300EA6B75 /* DaumSearchTests */,
				286E50372A1CA58300EA6B75 /* DaumSearchUITests */,
			);
		};
/* End PBXProject section */

/* Begin PBXResourcesBuildPhase section */
		286E50132A1CA58100EA6B75 /* Resources */ = {
			isa = PBXResourcesBuildPhase;
			buildActionMask = 2147483647;
			files = (
				286E50282A1CA58300EA6B75 /* LaunchScreen.storyboard in Resources */,
				286E50252A1CA58300EA6B75 /* Assets.xcassets in Resources */,
				286E50202A1CA58100EA6B75 /* Main.storyboard in Resources */,
			);
			runOnlyForDeploymentPostprocessing = 0;
		};
		286E502C2A1CA58300EA6B75 /* Resources */ = {
			isa = PBXResourcesBuildPhase;
			buildActionMask = 2147483647;
			files = (
			);
			runOnlyForDeploymentPostprocessing = 0;
		};
		286E50362A1CA58300EA6B75 /* Resources */ = {
			isa = PBXResourcesBuildPhase;
			buildActionMask = 2147483647;
			files = (
			);
			runOnlyForDeploymentPostprocessing = 0;
		};
/* End PBXResourcesBuildPhase section */

/* Begin PBXSourcesBuildPhase section */
		286E50112A1CA58100EA6B75 /* Sources */ = {
			isa = PBXSourcesBuildPhase;
			buildActionMask = 2147483647;
			files = (
				286E50232A1CA58100EA6B75 /* DaumSearch.xcdatamodeld in Sources */,
				286E501D2A1CA58100EA6B75 /* ViewController.swift in Sources */,
				286E50192A1CA58100EA6B75 /* AppDelegate.swift in Sources */,
				286E501B2A1CA58100EA6B75 /* SceneDelegate.swift in Sources */,
			);
			runOnlyForDeploymentPostprocessing = 0;
		};
		286E502A2A1CA58300EA6B75 /* Sources */ = {
			isa = PBXSourcesBuildPhase;
			buildActionMask = 2147483647;
			files = (
				286E50332A1CA58300EA6B75 /* DaumSearchTests.swift in Sources */,
			);
			runOnlyForDeploymentPostprocessing = 0;
		};
		286E50342A1CA58300EA6B75 /* Sources */ = {
			isa = PBXSourcesBuildPhase;
			buildActionMask = 2147483647;
			files = (
				286E503D2A1CA58300EA6B75 /* DaumSearchUITests.swift in Sources */,
				286E503F2A1CA58300EA6B75 /* DaumSearchUITestsLaunchTests.swift in Sources */,
			);
			runOnlyForDeploymentPostprocessing = 0;
		};
/* End PBXSourcesBuildPhase section */

/* Begin PBXTargetDependency section */
		286E50302A1CA58300EA6B75 /* PBXTargetDependency */ = {
			isa = PBXTargetDependency;
			target = 286E50142A1CA58100EA6B75 /* DaumSearch */;
			targetProxy = 286E502F2A1CA58300EA6B75 /* PBXContainerItemProxy */;
		};
		286E503A2A1CA58300EA6B75 /* PBXTargetDependency */ = {
			isa = PBXTargetDependency;
			target = 286E50142A1CA58100EA6B75 /* DaumSearch */;
			targetProxy = 286E50392A1CA58300EA6B75 /* PBXContainerItemProxy */;
		};
/* End PBXTargetDependency section */

/* Begin PBXVariantGroup section */
		286E501E2A1CA58100EA6B75 /* Main.storyboard */ = {
			isa = PBXVariantGroup;
			children = (
				286E501F2A1CA58100EA6B75 /* Base */,
			);
			name = Main.storyboard;
			sourceTree = "<group>";
		};
		286E50262A1CA58300EA6B75 /* LaunchScreen.storyboard */ = {
			isa = PBXVariantGroup;
			children = (
				286E50272A1CA58300EA6B75 /* Base */,
			);
			name = LaunchScreen.storyboard;
			sourceTree = "<group>";
		};
/* End PBXVariantGroup section */

/* Begin XCBuildConfiguration section */
		286E50402A1CA58300EA6B75 /* Debug */ = {
			isa = XCBuildConfiguration;
			buildSettings = {
				ALWAYS_SEARCH_USER_PATHS = NO;
				CLANG_ANALYZER_NONNULL = YES;
				CLANG_ANALYZER_NUMBER_OBJECT_CONVERSION = YES_AGGRESSIVE;
				CLANG_CXX_LANGUAGE_STANDARD = "gnu++20";
				CLANG_ENABLE_MODULES = YES;
				CLANG_ENABLE_OBJC_ARC = YES;
				CLANG_ENABLE_OBJC_WEAK = YES;
				CLANG_WARN_BLOCK_CAPTURE_AUTORELEASING = YES;
				CLANG_WARN_BOOL_CONVERSION = YES;
				CLANG_WARN_COMMA = YES;
				CLANG_WARN_CONSTANT_CONVERSION = YES;
				CLANG_WARN_DEPRECATED_OBJC_IMPLEMENTATIONS = YES;
				CLANG_WARN_DIRECT_OBJC_ISA_USAGE = YES_ERROR;
				CLANG_WARN_DOCUMENTATION_COMMENTS = YES;
				CLANG_WARN_EMPTY_BODY = YES;
				CLANG_WARN_ENUM_CONVERSION = YES;
				CLANG_WARN_INFINITE_RECURSION = YES;
				CLANG_WARN_INT_CONVERSION = YES;
				CLANG_WARN_NON_LITERAL_NULL_CONVERSION = YES;
				CLANG_WARN_OBJC_IMPLICIT_RETAIN_SELF = YES;
				CLANG_WARN_OBJC_LITERAL_CONVERSION = YES;
				CLANG_WARN_OBJC_ROOT_CLASS = YES_ERROR;
				CLANG_WARN_QUOTED_INCLUDE_IN_FRAMEWORK_HEADER = YES;
				CLANG_WARN_RANGE_LOOP_ANALYSIS = YES;
				CLANG_WARN_STRICT_PROTOTYPES = YES;
				CLANG_WARN_SUSPICIOUS_MOVE = YES;
				CLANG_WARN_UNGUARDED_AVAILABILITY = YES_AGGRESSIVE;
				CLANG_WARN_UNREACHABLE_CODE = YES;
				CLANG_WARN__DUPLICATE_METHOD_MATCH = YES;
				COPY_PHASE_STRIP = NO;
				DEBUG_INFORMATION_FORMAT = dwarf;
				ENABLE_STRICT_OBJC_MSGSEND = YES;
				ENABLE_TESTABILITY = YES;
				GCC_C_LANGUAGE_STANDARD = gnu11;
				GCC_DYNAMIC_NO_PIC = NO;
				GCC_NO_COMMON_BLOCKS = YES;
				GCC_OPTIMIZATION_LEVEL = 0;
				GCC_PREPROCESSOR_DEFINITIONS = (
					"DEBUG=1",
					"$(inherited)",
				);
				GCC_WARN_64_TO_32_BIT_CONVERSION = YES;
				GCC_WARN_ABOUT_RETURN_TYPE = YES_ERROR;
				GCC_WARN_UNDECLARED_SELECTOR = YES;
				GCC_WARN_UNINITIALIZED_AUTOS = YES_AGGRESSIVE;
				GCC_WARN_UNUSED_FUNCTION = YES;
				GCC_WARN_UNUSED_VARIABLE = YES;
				IPHONEOS_DEPLOYMENT_TARGET = 16.4;
				MTL_ENABLE_DEBUG_INFO = INCLUDE_SOURCE;
				MTL_FAST_MATH = YES;
				ONLY_ACTIVE_ARCH = YES;
				SDKROOT = iphoneos;
				SWIFT_ACTIVE_COMPILATION_CONDITIONS = DEBUG;
				SWIFT_OPTIMIZATION_LEVEL = "-Onone";
			};
			name = Debug;
		};
		286E50412A1CA58300EA6B75 /* Release */ = {
			isa = XCBuildConfiguration;
			buildSettings = {
				ALWAYS_SEARCH_USER_PATHS = NO;
				CLANG_ANALYZER_NONNULL = YES;
				CLANG_ANALYZER_NUMBER_OBJECT_CONVERSION = YES_AGGRESSIVE;
				CLANG_CXX_LANGUAGE_STANDARD = "gnu++20";
				CLANG_ENABLE_MODULES = YES;
				CLANG_ENABLE_OBJC_ARC = YES;
				CLANG_ENABLE_OBJC_WEAK = YES;
				CLANG_WARN_BLOCK_CAPTURE_AUTORELEASING = YES;
				CLANG_WARN_BOOL_CONVERSION = YES;
				CLANG_WARN_COMMA = YES;
				CLANG_WARN_CONSTANT_CONVERSION = YES;
				CLANG_WARN_DEPRECATED_OBJC_IMPLEMENTATIONS = YES;
				CLANG_WARN_DIRECT_OBJC_ISA_USAGE = YES_ERROR;
				CLANG_WARN_DOCUMENTATION_COMMENTS = YES;
				CLANG_WARN_EMPTY_BODY = YES;
				CLANG_WARN_ENUM_CONVERSION = YES;
				CLANG_WARN_INFINITE_RECURSION = YES;
				CLANG_WARN_INT_CONVERSION = YES;
				CLANG_WARN_NON_LITERAL_NULL_CONVERSION = YES;
				CLANG_WARN_OBJC_IMPLICIT_RETAIN_SELF = YES;
				CLANG_WARN_OBJC_LITERAL_CONVERSION = YES;
				CLANG_WARN_OBJC_ROOT_CLASS = YES_ERROR;
				CLANG_WARN_QUOTED_INCLUDE_IN_FRAMEWORK_HEADER = YES;
				CLANG_WARN_RANGE_LOOP_ANALYSIS = YES;
				CLANG_WARN_STRICT_PROTOTYPES = YES;
				CLANG_WARN_SUSPICIOUS_MOVE = YES;
				CLANG_WARN_UNGUARDED_AVAILABILITY = YES_AGGRESSIVE;
				CLANG_WARN_UNREACHABLE_CODE = YES;
				CLANG_WARN__DUPLICATE_METHOD_MATCH = YES;
				COPY_PHASE_STRIP = NO;
				DEBUG_INFORMATION_FORMAT = "dwarf-with-dsym";
				ENABLE_NS_ASSERTIONS = NO;
				ENABLE_STRICT_OBJC_MSGSEND = YES;
				GCC_C_LANGUAGE_STANDARD = gnu11;
				GCC_NO_COMMON_BLOCKS = YES;
				GCC_WARN_64_TO_32_BIT_CONVERSION = YES;
				GCC_WARN_ABOUT_RETURN_TYPE = YES_ERROR;
				GCC_WARN_UNDECLARED_SELECTOR = YES;
				GCC_WARN_UNINITIALIZED_AUTOS = YES_AGGRESSIVE;
				GCC_WARN_UNUSED_FUNCTION = YES;
				GCC_WARN_UNUSED_VARIABLE = YES;
				IPHONEOS_DEPLOYMENT_TARGET = 16.4;
				MTL_ENABLE_DEBUG_INFO = NO;
				MTL_FAST_MATH = YES;
				SDKROOT = iphoneos;
				SWIFT_COMPILATION_MODE = wholemodule;
				SWIFT_OPTIMIZATION_LEVEL = "-O";
				VALIDATE_PRODUCT = YES;
			};
			name = Release;
		};
		286E50432A1CA58300EA6B75 /* Debug */ = {
			isa = XCBuildConfiguration;
			buildSettings = {
				ASSETCATALOG_COMPILER_APPICON_NAME = AppIcon;
				ASSETCATALOG_COMPILER_GLOBAL_ACCENT_COLOR_NAME = AccentColor;
				CODE_SIGN_STYLE = Automatic;
				CURRENT_PROJECT_VERSION = 1;
				GENERATE_INFOPLIST_FILE = YES;
				INFOPLIST_FILE = DaumSearch/Info.plist;
				INFOPLIST_KEY_UIApplicationSupportsIndirectInputEvents = YES;
				INFOPLIST_KEY_UILaunchStoryboardName = LaunchScreen;
				INFOPLIST_KEY_UIMainStoryboardFile = Main;
				INFOPLIST_KEY_UISupportedInterfaceOrientations_iPad = "UIInterfaceOrientationPortrait UIInterfaceOrientationPortraitUpsideDown UIInterfaceOrientationLandscapeLeft UIInterfaceOrientationLandscapeRight";
				INFOPLIST_KEY_UISupportedInterfaceOrientations_iPhone = "UIInterfaceOrientationPortrait UIInterfaceOrientationLandscapeLeft UIInterfaceOrientationLandscapeRight";
				LD_RUNPATH_SEARCH_PATHS = (
					"$(inherited)",
					"@executable_path/Frameworks",
				);
				MARKETING_VERSION = 1.0;
				PRODUCT_BUNDLE_IDENTIFIER = home.DaumSearch;
				PRODUCT_NAME = "$(TARGET_NAME)";
				SWIFT_EMIT_LOC_STRINGS = YES;
				SWIFT_VERSION = 5.0;
				TARGETED_DEVICE_FAMILY = "1,2";
			};
			name = Debug;
		};
		286E50442A1CA58300EA6B75 /* Release */ = {
			isa = XCBuildConfiguration;
			buildSettings = {
				ASSETCATALOG_COMPILER_APPICON_NAME = AppIcon;
				ASSETCATALOG_COMPILER_GLOBAL_ACCENT_COLOR_NAME = AccentColor;
				CODE_SIGN_STYLE = Automatic;
				CURRENT_PROJECT_VERSION = 1;
				GENERATE_INFOPLIST_FILE = YES;
				INFOPLIST_FILE = DaumSearch/Info.plist;
				INFOPLIST_KEY_UIApplicationSupportsIndirectInputEvents = YES;
				INFOPLIST_KEY_UILaunchStoryboardName = LaunchScreen;
				INFOPLIST_KEY_UIMainStoryboardFile = Main;
				INFOPLIST_KEY_UISupportedInterfaceOrientations_iPad = "UIInterfaceOrientationPortrait UIInterfaceOrientationPortraitUpsideDown UIInterfaceOrientationLandscapeLeft UIInterfaceOrientationLandscapeRight";
				INFOPLIST_KEY_UISupportedInterfaceOrientations_iPhone = "UIInterfaceOrientationPortrait UIInterfaceOrientationLandscapeLeft UIInterfaceOrientationLandscapeRight";
				LD_RUNPATH_SEARCH_PATHS = (
					"$(inherited)",
					"@executable_path/Frameworks",
				);
				MARKETING_VERSION = 1.0;
				PRODUCT_BUNDLE_IDENTIFIER = home.DaumSearch;
				PRODUCT_NAME = "$(TARGET_NAME)";
				SWIFT_EMIT_LOC_STRINGS = YES;
				SWIFT_VERSION = 5.0;
				TARGETED_DEVICE_FAMILY = "1,2";
			};
			name = Release;
		};
		286E50462A1CA58300EA6B75 /* Debug */ = {
			isa = XCBuildConfiguration;
			buildSettings = {
				ALWAYS_EMBED_SWIFT_STANDARD_LIBRARIES = YES;
				BUNDLE_LOADER = "$(TEST_HOST)";
				CODE_SIGN_STYLE = Automatic;
				CURRENT_PROJECT_VERSION = 1;
				GENERATE_INFOPLIST_FILE = YES;
				IPHONEOS_DEPLOYMENT_TARGET = 16.4;
				MARKETING_VERSION = 1.0;
				PRODUCT_BUNDLE_IDENTIFIER = home.DaumSearchTests;
				PRODUCT_NAME = "$(TARGET_NAME)";
				SWIFT_EMIT_LOC_STRINGS = NO;
				SWIFT_VERSION = 5.0;
				TARGETED_DEVICE_FAMILY = "1,2";
				TEST_HOST = "$(BUILT_PRODUCTS_DIR)/DaumSearch.app/$(BUNDLE_EXECUTABLE_FOLDER_PATH)/DaumSearch";
			};
			name = Debug;
		};
		286E50472A1CA58300EA6B75 /* Release */ = {
			isa = XCBuildConfiguration;
			buildSettings = {
				ALWAYS_EMBED_SWIFT_STANDARD_LIBRARIES = YES;
				BUNDLE_LOADER = "$(TEST_HOST)";
				CODE_SIGN_STYLE = Automatic;
				CURRENT_PROJECT_VERSION = 1;
				GENERATE_INFOPLIST_FILE = YES;
				IPHONEOS_DEPLOYMENT_TARGET = 16.4;
				MARKETING_VERSION = 1.0;
				PRODUCT_BUNDLE_IDENTIFIER = home.DaumSearchTests;
				PRODUCT_NAME = "$(TARGET_NAME)";
				SWIFT_EMIT_LOC_STRINGS = NO;
				SWIFT_VERSION = 5.0;
				TARGETED_DEVICE_FAMILY = "1,2";
				TEST_HOST = "$(BUILT_PRODUCTS_DIR)/DaumSearch.app/$(BUNDLE_EXECUTABLE_FOLDER_PATH)/DaumSearch";
			};
			name = Release;
		};
		286E50492A1CA58300EA6B75 /* Debug */ = {
			isa = XCBuildConfiguration;
			buildSettings = {
				ALWAYS_EMBED_SWIFT_STANDARD_LIBRARIES = YES;
				CODE_SIGN_STYLE = Automatic;
				CURRENT_PROJECT_VERSION = 1;
				GENERATE_INFOPLIST_FILE = YES;
				MARKETING_VERSION = 1.0;
				PRODUCT_BUNDLE_IDENTIFIER = home.DaumSearchUITests;
				PRODUCT_NAME = "$(TARGET_NAME)";
				SWIFT_EMIT_LOC_STRINGS = NO;
				SWIFT_VERSION = 5.0;
				TARGETED_DEVICE_FAMILY = "1,2";
				TEST_TARGET_NAME = DaumSearch;
			};
			name = Debug;
		};
		286E504A2A1CA58300EA6B75 /* Release */ = {
			isa = XCBuildConfiguration;
			buildSettings = {
				ALWAYS_EMBED_SWIFT_STANDARD_LIBRARIES = YES;
				CODE_SIGN_STYLE = Automatic;
				CURRENT_PROJECT_VERSION = 1;
				GENERATE_INFOPLIST_FILE = YES;
				MARKETING_VERSION = 1.0;
				PRODUCT_BUNDLE_IDENTIFIER = home.DaumSearchUITests;
				PRODUCT_NAME = "$(TARGET_NAME)";
				SWIFT_EMIT_LOC_STRINGS = NO;
				SWIFT_VERSION = 5.0;
				TARGETED_DEVICE_FAMILY = "1,2";
				TEST_TARGET_NAME = DaumSearch;
			};
			name = Release;
		};
/* End XCBuildConfiguration section */

/* Begin XCConfigurationList section */
		286E50102A1CA58100EA6B75 /* Build configuration list for PBXProject "DaumSearch" */ = {
			isa = XCConfigurationList;
			buildConfigurations = (
				286E50402A1CA58300EA6B75 /* Debug */,
				286E50412A1CA58300EA6B75 /* Release */,
			);
			defaultConfigurationIsVisible = 0;
			defaultConfigurationName = Release;
		};
		286E50422A1CA58300EA6B75 /* Build configuration list for PBXNativeTarget "DaumSearch" */ = {
			isa = XCConfigurationList;
			buildConfigurations = (
				286E50432A1CA58300EA6B75 /* Debug */,
				286E50442A1CA58300EA6B75 /* Release */,
			);
			defaultConfigurationIsVisible = 0;
			defaultConfigurationName = Release;
		};
		286E50452A1CA58300EA6B75 /* Build configuration list for PBXNativeTarget "DaumSearchTests" */ = {
			isa = XCConfigurationList;
			buildConfigurations = (
				286E50462A1CA58300EA6B75 /* Debug */,
				286E50472A1CA58300EA6B75 /* Release */,
			);
			defaultConfigurationIsVisible = 0;
			defaultConfigurationName = Release;
		};
		286E50482A1CA58300EA6B75 /* Build configuration list for PBXNativeTarget "DaumSearchUITests" */ = {
			isa = XCConfigurationList;
			buildConfigurations = (
				286E50492A1CA58300EA6B75 /* Debug */,
				286E504A2A1CA58300EA6B75 /* Release */,
			);
			defaultConfigurationIsVisible = 0;
			defaultConfigurationName = Release;
		};
/* End XCConfigurationList section */

/* Begin XCVersionGroup section */
		286E50212A1CA58100EA6B75 /* DaumSearch.xcdatamodeld */ = {
			isa = XCVersionGroup;
			children = (
				286E50222A1CA58100EA6B75 /* DaumSearch.xcdatamodel */,
			);
			currentVersion = 286E50222A1CA58100EA6B75 /* DaumSearch.xcdatamodel */;
			path = DaumSearch.xcdatamodeld;
			sourceTree = "<group>";
			versionGroupType = wrapper.xcdatamodel;
		};
/* End XCVersionGroup section */
	};
	rootObject = 286E500D2A1CA58100EA6B75 /* Project object */;
}
